
Microsoft Visual Studio Solution File, Format Version 12.00
# Visual Studio Version 16
VisualStudioVersion = 16.0.31321.278
MinimumVisualStudioVersion = 10.0.40219.1
Project("{FAE04EC0-301F-11D3-BF4B-00C04F79EFBC}") = "Aplicacion3 4to Bim", "Aplicacion3 4to Bim.csproj", "{B1271044-BA68-4020-BD01-08B89BBE7A25}"
EndProject
Global
	GlobalSection(SolutionConfigurationPlatforms) = preSolution
		Debug|Any CPU = Debug|Any CPU
		Release|Any CPU = Release|Any CPU
	EndGlobalSection
	GlobalSection(ProjectConfigurationPlatforms) = postSolution
		{B1271044-BA68-4020-BD01-08B89BBE7A25}.Debug|Any CPU.ActiveCfg = Debug|Any CPU
		{B1271044-BA68-4020-BD01-08B89BBE7A25}.Debug|Any CPU.Build.0 = Debug|Any CPU
		{B1271044-BA68-4020-BD01-08B89BBE7A25}.Release|Any CPU.ActiveCfg = Release|Any CPU
		{B1271044-BA68-4020-BD01-08B89BBE7A25}.Release|Any CPU.Build.0 = Release|Any CPU
	EndGlobalSection
	GlobalSection(SolutionProperties) = preSolution
		HideSolutionNode = FALSE
	EndGlobalSection
	GlobalSection(ExtensibilityGlobals) = postSolution
		SolutionGuid = {E4188064-0984-4AC7-BBC8-7F15DDB78F79}
	EndGlobalSection
EndGlobal
